Microsoft Visual Studio Solution File, Format Version 11.00
# Visual Studio 2008

Project("{5EE9E0C0-BD0F-774C-9B25-7A023C03E77D}") = "chapter01", "Assembly-CSharp.csproj", "{2FD70A47-0886-5013-664A-606D008976E7}"
EndProject
Global
	GlobalSection(SolutionConfigurationPlatforms) = preSolution
		Debug|Any CPU = Debug|Any CPU
		Release|Any CPU = Release|Any CPU
	EndGlobalSection
	GlobalSection(ProjectConfigurationPlatforms) = postSolution
		{2FD70A47-0886-5013-664A-606D008976E7}.Debug|Any CPU.ActiveCfg = Debug|Any CPU
		{2FD70A47-0886-5013-664A-606D008976E7}.Debug|Any CPU.Build.0 = Debug|Any CPU
		{2FD70A47-0886-5013-664A-606D008976E7}.Release|Any CPU.ActiveCfg = Release|Any CPU
		{2FD70A47-0886-5013-664A-606D008976E7}.Release|Any CPU.Build.0 = Release|Any CPU
	EndGlobalSection
	GlobalSection(SolutionProperties) = preSolution
		HideSolutionNode = FALSE
	EndGlobalSection
	GlobalSection(MonoDevelopProperties) = preSolution
		StartupItem = Assembly-CSharp.csproj
	EndGlobalSection
EndGlobal
